
Microsoft Visual Studio Solution File, Format Version 12.00
# Visual Studio Version 17
VisualStudioVersion = 17.8.34525.116
MinimumVisualStudioVersion = 10.0.40219.1
Project("{FAE04EC0-301F-11D3-BF4B-00C04F79EFBC}") = "QueueLearning", "QueueLearning\QueueLearning.csproj", "{A1449A0C-1889-4DA1-B105-2FF9B66D569A}"
EndProject
Project("{FAE04EC0-301F-11D3-BF4B-00C04F79EFBC}") = "DictionaryLearning", "..\..\DictionaryLearning\DictionaryLearning\DictionaryLearning.csproj", "{C05707B2-2EEE-4B51-9B87-D4AF36C0E1E7}"
EndProject
Global
	GlobalSection(SolutionConfigurationPlatforms) = preSolution
		Debug|Any CPU = Debug|Any CPU
		Release|Any CPU = Release|Any CPU
	EndGlobalSection
	GlobalSection(ProjectConfigurationPlatforms) = postSolution
		{A1449A0C-1889-4DA1-B105-2FF9B66D569A}.Debug|Any CPU.ActiveCfg = Debug|Any CPU
		{A1449A0C-1889-4DA1-B105-2FF9B66D569A}.Debug|Any CPU.Build.0 = Debug|Any CPU
		{A1449A0C-1889-4DA1-B105-2FF9B66D569A}.Release|Any CPU.ActiveCfg = Release|Any CPU
		{A1449A0C-1889-4DA1-B105-2FF9B66D569A}.Release|Any CPU.Build.0 = Release|Any CPU
		{C05707B2-2EEE-4B51-9B87-D4AF36C0E1E7}.Debug|Any CPU.ActiveCfg = Debug|Any CPU
		{C05707B2-2EEE-4B51-9B87-D4AF36C0E1E7}.Debug|Any CPU.Build.0 = Debug|Any CPU
		{C05707B2-2EEE-4B51-9B87-D4AF36C0E1E7}.Release|Any CPU.ActiveCfg = Release|Any CPU
		{C05707B2-2EEE-4B51-9B87-D4AF36C0E1E7}.Release|Any CPU.Build.0 = Release|Any CPU
	EndGlobalSection
	GlobalSection(SolutionProperties) = preSolution
		HideSolutionNode = FALSE
	EndGlobalSection
	GlobalSection(ExtensibilityGlobals) = postSolution
		SolutionGuid = {B100C1CA-BDCD-4E1D-A2F4-27A54E3B5509}
	EndGlobalSection
EndGlobal
